
Microsoft Visual Studio Solution File, Format Version 12.00
# Visual Studio Version 17
VisualStudioVersion = 17.13.35806.99 d17.13
MinimumVisualStudioVersion = 10.0.40219.1
Project("{FAE04EC0-301F-11D3-BF4B-00C04F79EFBC}") = "SistemaDeReproductorDeMusica", "SistemaDeReproductorDeMusica.csproj", "{A0C6CDAC-1379-49C7-8A1C-41FFA00166AC}"
EndProject
Global
	GlobalSection(SolutionConfigurationPlatforms) = preSolution
		Debug|Any CPU = Debug|Any CPU
		Release|Any CPU = Release|Any CPU
	EndGlobalSection
	GlobalSection(ProjectConfigurationPlatforms) = postSolution
		{A0C6CDAC-1379-49C7-8A1C-41FFA00166AC}.Debug|Any CPU.ActiveCfg = Debug|Any CPU
		{A0C6CDAC-1379-49C7-8A1C-41FFA00166AC}.Debug|Any CPU.Build.0 = Debug|Any CPU
		{A0C6CDAC-1379-49C7-8A1C-41FFA00166AC}.Release|Any CPU.ActiveCfg = Release|Any CPU
		{A0C6CDAC-1379-49C7-8A1C-41FFA00166AC}.Release|Any CPU.Build.0 = Release|Any CPU
	EndGlobalSection
	GlobalSection(SolutionProperties) = preSolution
		HideSolutionNode = FALSE
	EndGlobalSection
	GlobalSection(ExtensibilityGlobals) = postSolution
		SolutionGuid = {38D6385B-5412-482F-80DA-F07B67ACA05F}
	EndGlobalSection
EndGlobal
